<Solution>
  <Folder Name="/Solution Items/">
    <File Path=".gitattributes" />
    <File Path=".gitignore" />
    <File Path="readme.md" />
  </Folder>
  <Folder Name="/src/">
    <Project Path="src/Modulix/Modulix.csproj" />
    <Project Path="src/Modulix.Scanner/Modulix.Scanner.csproj" />
  </Folder>
  <Folder Name="/tests/">
    <Project Path="tests/Modulix.Scanner.Tests/Modulix.Scanner.Tests.csproj" />
    <Project Path="tests/Modulix.Tests/Modulix.Tests.csproj" />
  </Folder>
</Solution>
